{
  "name": "bundler",
  "version": "1.0.0",
  "lockfileVersion": 2,
  "requires": true,
  "packages": {
    "": {
      "name": "bundler",
      "version": "1.0.0",
      "license": "Apache-2.0",
      "dependencies": {
        "@hyperjump/json-schema-bundle": "0.1.3"
      }
    },
    "node_modules/@hyperjump/json-pointer": {
      "version": "0.9.1",
      "resolved": "https://registry.npmjs.org/@hyperjump/json-pointer/-/json-pointer-0.9.1.tgz",
      "integrity": "sha512-tiDl/9MOkkiUQ5t+wq4PhtPghgWmFyBwU9Q6xRkXksg2s/6GNxNPcO/MzOjJoDAeCY1XXajNUIkco7wvhNmlOA==",
      "dependencies": {
        "just-curry-it": "^3.2.1"
      },
      "funding": {
        "type": "github",
        "url": "https://github.com/sponsors/jdesrosiers"
      }
    },
    "node_modules/@hyperjump/json-schema": {
      "version": "0.18.3",
      "resolved": "https://registry.npmjs.org/@hyperjump/json-schema/-/json-schema-0.18.3.tgz",
      "integrity": "sha512-HKrrsuJOlYdqpHEr/eRU99LCiAe8ZH4LUkQOQOMa/P8pNSgs4FQHMKy3sgkmgLSgdmQbRX2/hA+yn2Ts/gS0lA==",
      "dependencies": {
        "@hyperjump/json-schema-core": "^0.23.4",
        "fastest-stable-stringify": "^2.0.2"
      },
      "funding": {
        "type": "github",
        "url": "https://github.com/sponsors/jdesrosiers"
      }
    },
    "node_modules/@hyperjump/json-schema-bundle": {
      "version": "0.1.3",
      "resolved": "https://registry.npmjs.org/@hyperjump/json-schema-bundle/-/json-schema-bundle-0.1.3.tgz",
      "integrity": "sha512-UjmmtyIgaMXRXKmkJDQhvGAQFSfaPYBRue4tk3qeISrD468vziCWI2Km0RgfeXVxgy5xgqEPyi9DLXUqD4KWDQ==",
      "dependencies": {
        "@hyperjump/json-schema": "^0.18.3",
        "uuid": "^8.3.2"
      },
      "funding": {
        "type": "github",
        "url": "https://github.com/sponsors/jdesrosiers"
      }
    },
    "node_modules/@hyperjump/json-schema-core": {
      "version": "0.23.4",
      "resolved": "https://registry.npmjs.org/@hyperjump/json-schema-core/-/json-schema-core-0.23.4.tgz",
      "integrity": "sha512-rHORA3qPk2JKOJOgwgXzGkMnad0neoPiHK8tPrITNxCcVM+AwPkTK+ABogNhbFG4lipWVF4gB3XHJ2qxfQuSAw==",
      "dependencies": {
        "@hyperjump/json-pointer": "^0.9.1",
        "@hyperjump/pact": "^0.2.0",
        "content-type": "^1.0.4",
        "node-fetch": "^2.6.5",
        "pubsub-js": "^1.9.1",
        "url-resolve-browser": "^1.2.0"
      },
      "funding": {
        "type": "github",
        "url": "https://github.com/sponsors/jdesrosiers"
      }
    },
    "node_modules/@hyperjump/pact": {
      "version": "0.2.0",
      "resolved": "https://registry.npmjs.org/@hyperjump/pact/-/pact-0.2.0.tgz",
      "integrity": "sha512-RHt0XRFsADXbqopurGZfCUNL7mPc0695TD2HNDqs4RCK5Db/1lDU2Bhk9EsyFmCBE9N1/boyvdKWjT1UYHIebg==",
      "dependencies": {
        "just-curry-it": "^3.1.0"
      },
      "funding": {
        "type": "github",
        "url": "https://github.com/sponsors/jdesrosiers"
      }
    },
    "node_modules/content-type": {
      "version": "1.0.4",
      "resolved": "https://registry.npmjs.org/content-type/-/content-type-1.0.4.tgz",
      "integrity": "sha512-hIP3EEPs8tB9AT1L+NUqtwOAps4mk2Zob89MWXMHjHWg9milF/j4osnnQLXBCBFBk/tvIG/tUc9mOUJiPBhPXA==",
      "engines": {
        "node": ">= 0.6"
      }
    },
    "node_modules/fastest-stable-stringify": {
      "version": "2.0.2",
      "resolved": "https://registry.npmjs.org/fastest-stable-stringify/-/fastest-stable-stringify-2.0.2.tgz",
      "integrity": "sha512-bijHueCGd0LqqNK9b5oCMHc0MluJAx0cwqASgbWMvkO01lCYgIhacVRLcaDz3QnyYIRNJRDwMb41VuT6pHJ91Q=="
    },
    "node_modules/just-curry-it": {
      "version": "3.2.1",
      "resolved": "https://registry.npmjs.org/just-curry-it/-/just-curry-it-3.2.1.tgz",
      "integrity": "sha512-Q8206k8pTY7krW32cdmPsP+DqqLgWx/hYPSj9/+7SYqSqz7UuwPbfSe07lQtvuuaVyiSJveXk0E5RydOuWwsEg=="
    },
    "node_modules/node-fetch": {
      "version": "2.6.7",
      "resolved": "https://registry.npmjs.org/node-fetch/-/node-fetch-2.6.7.tgz",
      "integrity": "sha512-ZjMPFEfVx5j+y2yF35Kzx5sF7kDzxuDj6ziH4FFbOp87zKDZNx8yExJIb05OGF4Nlt9IHFIMBkRl41VdvcNdbQ==",
      "dependencies": {
        "whatwg-url": "^5.0.0"
      },
      "engines": {
        "node": "4.x || >=6.0.0"
      },
      "peerDependencies": {
        "encoding": "^0.1.0"
      },
      "peerDependenciesMeta": {
        "encoding": {
          "optional": true
        }
      }
    },
    "node_modules/pubsub-js": {
      "version": "1.9.4",
      "resolved": "https://registry.npmjs.org/pubsub-js/-/pubsub-js-1.9.4.tgz",
      "integrity": "sha512-hJYpaDvPH4w8ZX/0Fdf9ma1AwRgU353GfbaVfPjfJQf1KxZ2iHaHl3fAUw1qlJIR5dr4F3RzjGaWohYUEyoh7A=="
    },
    "node_modules/tr46": {
      "version": "0.0.3",
      "resolved": "https://registry.npmjs.org/tr46/-/tr46-0.0.3.tgz",
      "integrity": "sha1-gYT9NH2snNwYWZLzpmIuFLnZq2o="
    },
    "node_modules/url-resolve-browser": {
      "version": "1.2.0",
      "resolved": "https://registry.npmjs.org/url-resolve-browser/-/url-resolve-browser-1.2.0.tgz",
      "integrity": "sha512-L9PBPnlKNDFzt9ElK4br8I8Tufdm1xgv1GhMeiP7ZC87x0b7mr+4vSh13kmPq5km80JKX+UD2BeEFTCrFZ6xDA=="
    },
    "node_modules/uuid": {
      "version": "8.3.2",
      "resolved": "https://registry.npmjs.org/uuid/-/uuid-8.3.2.tgz",
      "integrity": "sha512-+NYs2QeMWy+GWFOEm9xnn6HCDp0l7QBD7ml8zLUmJ+93Q5NF0NocErnwkTkXVFNiX3/fpC6afS8Dhb/gz7R7eg==",
      "bin": {
        "uuid": "dist/bin/uuid"
      }
    },
    "node_modules/webidl-conversions": {
      "version": "3.0.1",
      "resolved": "https://registry.npmjs.org/webidl-conversions/-/webidl-conversions-3.0.1.tgz",
      "integrity": "sha1-JFNCdeKnvGvnvIZhHMFq4KVlSHE="
    },
    "node_modules/whatwg-url": {
      "version": "5.0.0",
      "resolved": "https://registry.npmjs.org/whatwg-url/-/whatwg-url-5.0.0.tgz",
      "integrity": "sha1-lmRU6HZUYuN2RNNib2dCzotwll0=",
      "dependencies": {
        "tr46": "~0.0.3",
        "webidl-conversions": "^3.0.0"
      }
    }
  },
  "dependencies": {
    "@hyperjump/json-pointer": {
      "version": "0.9.1",
      "resolved": "https://registry.npmjs.org/@hyperjump/json-pointer/-/json-pointer-0.9.1.tgz",
      "integrity": "sha512-tiDl/9MOkkiUQ5t+wq4PhtPghgWmFyBwU9Q6xRkXksg2s/6GNxNPcO/MzOjJoDAeCY1XXajNUIkco7wvhNmlOA==",
      "requires": {
        "just-curry-it": "^3.2.1"
      }
    },
    "@hyperjump/json-schema": {
      "version": "0.18.3",
      "resolved": "https://registry.npmjs.org/@hyperjump/json-schema/-/json-schema-0.18.3.tgz",
      "integrity": "sha512-HKrrsuJOlYdqpHEr/eRU99LCiAe8ZH4LUkQOQOMa/P8pNSgs4FQHMKy3sgkmgLSgdmQbRX2/hA+yn2Ts/gS0lA==",
      "requires": {
        "@hyperjump/json-schema-core": "^0.23.4",
        "fastest-stable-stringify": "^2.0.2"
      }
    },
    "@hyperjump/json-schema-bundle": {
      "version": "0.1.3",
      "resolved": "https://registry.npmjs.org/@hyperjump/json-schema-bundle/-/json-schema-bundle-0.1.3.tgz",
      "integrity": "sha512-UjmmtyIgaMXRXKmkJDQhvGAQFSfaPYBRue4tk3qeISrD468vziCWI2Km0RgfeXVxgy5xgqEPyi9DLXUqD4KWDQ==",
      "requires": {
        "@hyperjump/json-schema": "^0.18.3",
        "uuid": "^8.3.2"
      }
    },
    "@hyperjump/json-schema-core": {
      "version": "0.23.4",
      "resolved": "https://registry.npmjs.org/@hyperjump/json-schema-core/-/json-schema-core-0.23.4.tgz",
      "integrity": "sha512-rHORA3qPk2JKOJOgwgXzGkMnad0neoPiHK8tPrITNxCcVM+AwPkTK+ABogNhbFG4lipWVF4gB3XHJ2qxfQuSAw==",
      "requires": {
        "@hyperjump/json-pointer": "^0.9.1",
        "@hyperjump/pact": "^0.2.0",
        "content-type": "^1.0.4",
        "node-fetch": "^2.6.5",
        "pubsub-js": "^1.9.1",
        "url-resolve-browser": "^1.2.0"
      }
    },
    "@hyperjump/pact": {
      "version": "0.2.0",
      "resolved": "https://registry.npmjs.org/@hyperjump/pact/-/pact-0.2.0.tgz",
      "integrity": "sha512-RHt0XRFsADXbqopurGZfCUNL7mPc0695TD2HNDqs4RCK5Db/1lDU2Bhk9EsyFmCBE9N1/boyvdKWjT1UYHIebg==",
      "requires": {
        "just-curry-it": "^3.1.0"
      }
    },
    "content-type": {
      "version": "1.0.4",
      "resolved": "https://registry.npmjs.org/content-type/-/content-type-1.0.4.tgz",
      "integrity": "sha512-hIP3EEPs8tB9AT1L+NUqtwOAps4mk2Zob89MWXMHjHWg9milF/j4osnnQLXBCBFBk/tvIG/tUc9mOUJiPBhPXA=="
    },
    "fastest-stable-stringify": {
      "version": "2.0.2",
      "resolved": "https://registry.npmjs.org/fastest-stable-stringify/-/fastest-stable-stringify-2.0.2.tgz",
      "integrity": "sha512-bijHueCGd0LqqNK9b5oCMHc0MluJAx0cwqASgbWMvkO01lCYgIhacVRLcaDz3QnyYIRNJRDwMb41VuT6pHJ91Q=="
    },
    "just-curry-it": {
      "version": "3.2.1",
      "resolved": "https://registry.npmjs.org/just-curry-it/-/just-curry-it-3.2.1.tgz",
      "integrity": "sha512-Q8206k8pTY7krW32cdmPsP+DqqLgWx/hYPSj9/+7SYqSqz7UuwPbfSe07lQtvuuaVyiSJveXk0E5RydOuWwsEg=="
    },
    "node-fetch": {
      "version": "2.6.7",
      "resolved": "https://registry.npmjs.org/node-fetch/-/node-fetch-2.6.7.tgz",
      "integrity": "sha512-ZjMPFEfVx5j+y2yF35Kzx5sF7kDzxuDj6ziH4FFbOp87zKDZNx8yExJIb05OGF4Nlt9IHFIMBkRl41VdvcNdbQ==",
      "requires": {
        "whatwg-url": "^5.0.0"
      }
    },
    "pubsub-js": {
      "version": "1.9.4",
      "resolved": "https://registry.npmjs.org/pubsub-js/-/pubsub-js-1.9.4.tgz",
      "integrity": "sha512-hJYpaDvPH4w8ZX/0Fdf9ma1AwRgU353GfbaVfPjfJQf1KxZ2iHaHl3fAUw1qlJIR5dr4F3RzjGaWohYUEyoh7A=="
    },
    "tr46": {
      "version": "0.0.3",
      "resolved": "https://registry.npmjs.org/tr46/-/tr46-0.0.3.tgz",
      "integrity": "sha1-gYT9NH2snNwYWZLzpmIuFLnZq2o="
    },
    "url-resolve-browser": {
      "version": "1.2.0",
      "resolved": "https://registry.npmjs.org/url-resolve-browser/-/url-resolve-browser-1.2.0.tgz",
      "integrity": "sha512-L9PBPnlKNDFzt9ElK4br8I8Tufdm1xgv1GhMeiP7ZC87x0b7mr+4vSh13kmPq5km80JKX+UD2BeEFTCrFZ6xDA=="
    },
    "uuid": {
      "version": "8.3.2",
      "resolved": "https://registry.npmjs.org/uuid/-/uuid-8.3.2.tgz",
      "integrity": "sha512-+NYs2QeMWy+GWFOEm9xnn6HCDp0l7QBD7ml8zLUmJ+93Q5NF0NocErnwkTkXVFNiX3/fpC6afS8Dhb/gz7R7eg=="
    },
    "webidl-conversions": {
      "version": "3.0.1",
      "resolved": "https://registry.npmjs.org/webidl-conversions/-/webidl-conversions-3.0.1.tgz",
      "integrity": "sha1-JFNCdeKnvGvnvIZhHMFq4KVlSHE="
    },
    "whatwg-url": {
      "version": "5.0.0",
      "resolved": "https://registry.npmjs.org/whatwg-url/-/whatwg-url-5.0.0.tgz",
      "integrity": "sha1-lmRU6HZUYuN2RNNib2dCzotwll0=",
      "requires": {
        "tr46": "~0.0.3",
        "webidl-conversions": "^3.0.0"
      }
    }
  }
}
